
Microsoft Visual Studio Solution File, Format Version 12.00
# Visual Studio 14
VisualStudioVersion = 14.0.25420.1
MinimumVisualStudioVersion = 10.0.40219.1
Project("{FAE04EC0-301F-11D3-BF4B-00C04F79EFBC}") = "fareforall", "fareforall\fareforall.csproj", "{EEABC0BD-DDA9-40C1-BAA8-C59BF481007E}"
EndProject
Project("{FAE04EC0-301F-11D3-BF4B-00C04F79EFBC}") = "BAL", "BAL\BAL.csproj", "{670E682B-DB94-4373-AA39-482425D2C7C6}"
EndProject
Project("{FAE04EC0-301F-11D3-BF4B-00C04F79EFBC}") = "DAL", "DAL\DAL.csproj", "{49169749-B443-4620-B32E-99A9FE0A4722}"
EndProject
Project("{FAE04EC0-301F-11D3-BF4B-00C04F79EFBC}") = "Core", "Core\Core.csproj", "{4E341DF8-4BBB-4CBD-B109-307D25A933CD}"
EndProject
Global
	GlobalSection(SolutionConfigurationPlatforms) = preSolution
		Debug|Any CPU = Debug|Any CPU
		Release|Any CPU = Release|Any CPU
	EndGlobalSection
	GlobalSection(ProjectConfigurationPlatforms) = postSolution
		{EEABC0BD-DDA9-40C1-BAA8-C59BF481007E}.Debug|Any CPU.ActiveCfg = Debug|Any CPU
		{EEABC0BD-DDA9-40C1-BAA8-C59BF481007E}.Debug|Any CPU.Build.0 = Debug|Any CPU
		{EEABC0BD-DDA9-40C1-BAA8-C59BF481007E}.Release|Any CPU.ActiveCfg = Release|Any CPU
		{EEABC0BD-DDA9-40C1-BAA8-C59BF481007E}.Release|Any CPU.Build.0 = Release|Any CPU
		{670E682B-DB94-4373-AA39-482425D2C7C6}.Debug|Any CPU.ActiveCfg = Debug|Any CPU
		{670E682B-DB94-4373-AA39-482425D2C7C6}.Debug|Any CPU.Build.0 = Debug|Any CPU
		{670E682B-DB94-4373-AA39-482425D2C7C6}.Release|Any CPU.ActiveCfg = Release|Any CPU
		{670E682B-DB94-4373-AA39-482425D2C7C6}.Release|Any CPU.Build.0 = Release|Any CPU
		{49169749-B443-4620-B32E-99A9FE0A4722}.Debug|Any CPU.ActiveCfg = Debug|Any CPU
		{49169749-B443-4620-B32E-99A9FE0A4722}.Debug|Any CPU.Build.0 = Debug|Any CPU
		{49169749-B443-4620-B32E-99A9FE0A4722}.Release|Any CPU.ActiveCfg = Release|Any CPU
		{49169749-B443-4620-B32E-99A9FE0A4722}.Release|Any CPU.Build.0 = Release|Any CPU
		{4E341DF8-4BBB-4CBD-B109-307D25A933CD}.Debug|Any CPU.ActiveCfg = Debug|Any CPU
		{4E341DF8-4BBB-4CBD-B109-307D25A933CD}.Debug|Any CPU.Build.0 = Debug|Any CPU
		{4E341DF8-4BBB-4CBD-B109-307D25A933CD}.Release|Any CPU.ActiveCfg = Release|Any CPU
		{4E341DF8-4BBB-4CBD-B109-307D25A933CD}.Release|Any CPU.Build.0 = Release|Any CPU
	EndGlobalSection
	GlobalSection(SolutionProperties) = preSolution
		HideSolutionNode = FALSE
	EndGlobalSection
EndGlobal
